
Microsoft Visual Studio Solution File, Format Version 12.00
# Visual Studio Version 17
VisualStudioVersion = 17.7.34031.279
MinimumVisualStudioVersion = 10.0.40219.1
Project("{FAE04EC0-301F-11D3-BF4B-00C04F79EFBC}") = "WeChatLauncher", "WeChatLauncher.csproj", "{F4EBBDB3-3ECF-41AB-A9B1-63E9B5261A09}"
EndProject
Global
	GlobalSection(SolutionConfigurationPlatforms) = preSolution
		Debug|Any CPU = Debug|Any CPU
		Release|Any CPU = Release|Any CPU
	EndGlobalSection
	GlobalSection(ProjectConfigurationPlatforms) = postSolution
		{F4EBBDB3-3ECF-41AB-A9B1-63E9B5261A09}.Debug|Any CPU.ActiveCfg = Debug|Any CPU
		{F4EBBDB3-3ECF-41AB-A9B1-63E9B5261A09}.Debug|Any CPU.Build.0 = Debug|Any CPU
		{F4EBBDB3-3ECF-41AB-A9B1-63E9B5261A09}.Release|Any CPU.ActiveCfg = Release|Any CPU
		{F4EBBDB3-3ECF-41AB-A9B1-63E9B5261A09}.Release|Any CPU.Build.0 = Release|Any CPU
	EndGlobalSection
	GlobalSection(SolutionProperties) = preSolution
		HideSolutionNode = FALSE
	EndGlobalSection
	GlobalSection(ExtensibilityGlobals) = postSolution
		SolutionGuid = {7E5EC191-67E9-4589-B357-9469B9255565}
	EndGlobalSection
EndGlobal
